// !$*UTF8*$!
{
	archiveVersion = 1;
	classes = {
	};
	objectVersion = 46;
	objects = {

/* Begin PBXBuildFile section */
		2321F9B019EC06D70098F9B7 /* Singleton.m in Sources */ = {isa = PBXBuildFile; fileRef = 2321F9AF19EC06D70098F9B7 /* Singleton.m */; };
		23DF157719E35E2D00E5942A /* main.m in Sources */ = {isa = PBXBuildFile; fileRef = 23DF157619E35E2D00E5942A /* main.m */; };
		23DF157A19E35E2D00E5942A /* AppDelegate.m in Sources */ = {isa = PBXBuildFile; fileRef = 23DF157919E35E2D00E5942A /* AppDelegate.m */; };
		23DF157D19E35E2D00E5942A /* MasterViewController.m in Sources */ = {isa = PBXBuildFile; fileRef = 23DF157C19E35E2D00E5942A /* MasterViewController.m */; };
		23DF158019E35E2D00E5942A /* DetailViewController.m in Sources */ = {isa = PBXBuildFile; fileRef = 23DF157F19E35E2D00E5942A /* DetailViewController.m */; };
		23DF158319E35E2E00E5942A /* Main.storyboard in Resources */ = {isa = PBXBuildFile; fileRef = 23DF158119E35E2D00E5942A /* Main.storyboard */; };
		23DF158519E35E2E00E5942A /* Images.xcassets in Resources */ = {isa = PBXBuildFile; fileRef = 23DF158419E35E2E00E5942A /* Images.xcassets */; };
		23DF158819E35E2E00E5942A /* LaunchScreen.xib in Resources */ = {isa = PBXBuildFile; fileRef = 23DF158619E35E2E00E5942A /* LaunchScreen.xib */; };
		23DF159419E35E2E00E5942A /* iTunes_top_charts_2__Universal_Tests.m in Sources */ = {isa = PBXBuildFile; fileRef = 23DF159319E35E2E00E5942A /* iTunes_top_charts_2__Universal_Tests.m */; };
		23DF159F19E3B89500E5942A /* SettingsViewController.m in Sources */ = {isa = PBXBuildFile; fileRef = 23DF159E19E3B89500E5942A /* SettingsViewController.m */; };
/* End PBXBuildFile section */

/* Begin PBXContainerItemProxy section */
		23DF158E19E35E2E00E5942A /* PBXContainerItemProxy */ = {
			isa = PBXContainerItemProxy;
			containerPortal = 23DF156919E35E2D00E5942A /* Project object */;
			proxyType = 1;
			remoteGlobalIDString = 23DF157019E35E2D00E5942A;
			remoteInfo = "iTunes_top_charts_2_(Universal)";
		};
/* End PBXContainerItemProxy section */

/* Begin PBXFileReference section */
		2321F9AE19EC06D70098F9B7 /* Singleton.h */ = {isa = PBXFileReference; fileEncoding = 4; lastKnownFileType = sourcecode.c.h; path = Singleton.h; sourceTree = "<group>"; };
		2321F9AF19EC06D70098F9B7 /* Singleton.m */ = {isa = PBXFileReference; fileEncoding = 4; lastKnownFileType = sourcecode.c.objc; path = Singleton.m; sourceTree = "<group>"; };
		23DF157119E35E2D00E5942A /* iTunes_top_charts_2_(Universal).app */ = {isa = PBXFileReference; explicitFileType = wrapper.application; includeInIndex = 0; path = "iTunes_top_charts_2_(Universal).app"; sourceTree = BUILT_PRODUCTS_DIR; };
		23DF157519E35E2D00E5942A /* Info.plist */ = {isa = PBXFileReference; lastKnownFileType = text.plist.xml; path = Info.plist; sourceTree = "<group>"; };
		23DF157619E35E2D00E5942A /* main.m */ = {isa = PBXFileReference; lastKnownFileType = sourcecode.c.objc; path = main.m; sourceTree = "<group>"; };
		23DF157819E35E2D00E5942A /* AppDelegate.h */ = {isa = PBXFileReference; lastKnownFileType = sourcecode.c.h; path = AppDelegate.h; sourceTree = "<group>"; };
		23DF157919E35E2D00E5942A /* AppDelegate.m */ = {isa = PBXFileReference; lastKnownFileType = sourcecode.c.objc; path = AppDelegate.m; sourceTree = "<group>"; };
		23DF157B19E35E2D00E5942A /* MasterViewController.h */ = {isa = PBXFileReference; lastKnownFileType = sourcecode.c.h; path = MasterViewController.h; sourceTree = "<group>"; };
		23DF157C19E35E2D00E5942A /* MasterViewController.m */ = {isa = PBXFileReference; lastKnownFileType = sourcecode.c.objc; path = MasterViewController.m; sourceTree = "<group>"; };
		23DF157E19E35E2D00E5942A /* DetailViewController.h */ = {isa = PBXFileReference; lastKnownFileType = sourcecode.c.h; path = DetailViewController.h; sourceTree = "<group>"; };
		23DF157F19E35E2D00E5942A /* DetailViewController.m */ = {isa = PBXFileReference; lastKnownFileType = sourcecode.c.objc; path = DetailViewController.m; sourceTree = "<group>"; };
		23DF158219E35E2D00E5942A /* Base */ = {isa = PBXFileReference; lastKnownFileType = file.storyboard; name = Base; path = Base.lproj/Main.storyboard; sourceTree = "<group>"; };
		23DF158419E35E2E00E5942A /* Images.xcassets */ = {isa = PBXFileReference; lastKnownFileType = folder.assetcatalog; path = Images.xcassets; sourceTree = "<group>"; };
		23DF158719E35E2E00E5942A /* Base */ = {isa = PBXFileReference; lastKnownFileType = file.xib; name = Base; path = Base.lproj/LaunchScreen.xib; sourceTree = "<group>"; };
		23DF158D19E35E2E00E5942A /* iTunes_top_charts_2_(Universal)Tests.xctest */ = {isa = PBXFileReference; explicitFileType = wrapper.cfbundle; includeInIndex = 0; path = "iTunes_top_charts_2_(Universal)Tests.xctest"; sourceTree = BUILT_PRODUCTS_DIR; };
		23DF159219E35E2E00E5942A /* Info.plist */ = {isa = PBXFileReference; lastKnownFileType = text.plist.xml; path = Info.plist; sourceTree = "<group>"; };
		23DF159319E35E2E00E5942A /* iTunes_top_charts_2__Universal_Tests.m */ = {isa = PBXFileReference; lastKnownFileType = sourcecode.c.objc; path = iTunes_top_charts_2__Universal_Tests.m; sourceTree = "<group>"; };
		23DF159D19E3B89500E5942A /* SettingsViewController.h */ = {isa = PBXFileReference; fileEncoding = 4; lastKnownFileType = sourcecode.c.h; path = SettingsViewController.h; sourceTree = "<group>"; };
		23DF159E19E3B89500E5942A /* SettingsViewController.m */ = {isa = PBXFileReference; fileEncoding = 4; lastKnownFileType = sourcecode.c.objc; path = SettingsViewController.m; sourceTree = "<group>"; };
/* End PBXFileReference section */

/* Begin PBXFrameworksBuildPhase section */
		23DF156E19E35E2D00E5942A /* Frameworks */ = {
			isa = PBXFrameworksBuildPhase;
			buildActionMask = 2147483647;
			files = (
			);
			runOnlyForDeploymentPostprocessing = 0;
		};
		23DF158A19E35E2E00E5942A /* Frameworks */ = {
			isa = PBXFrameworksBuildPhase;
			buildActionMask = 2147483647;
			files = (
			);
			runOnlyForDeploymentPostprocessing = 0;
		};
/* End PBXFrameworksBuildPhase section */

/* Begin PBXGroup section */
		23DF156819E35E2D00E5942A = {
			isa = PBXGroup;
			children = (
				23DF157319E35E2D00E5942A /* iTunes_top_charts_2_(Universal) */,
				23DF159019E35E2E00E5942A /* iTunes_top_charts_2_(Universal)Tests */,
				23DF157219E35E2D00E5942A /* Products */,
			);
			sourceTree = "<group>";
		};
		23DF157219E35E2D00E5942A /* Products */ = {
			isa = PBXGroup;
			children = (
				23DF157119E35E2D00E5942A /* iTunes_top_charts_2_(Universal).app */,
				23DF158D19E35E2E00E5942A /* iTunes_top_charts_2_(Universal)Tests.xctest */,
			);
			name = Products;
			sourceTree = "<group>";
		};
		23DF157319E35E2D00E5942A /* iTunes_top_charts_2_(Universal) */ = {
			isa = PBXGroup;
			children = (
				23DF157819E35E2D00E5942A /* AppDelegate.h */,
				23DF157919E35E2D00E5942A /* AppDelegate.m */,
				23DF157B19E35E2D00E5942A /* MasterViewController.h */,
				23DF157C19E35E2D00E5942A /* MasterViewController.m */,
				23DF157E19E35E2D00E5942A /* DetailViewController.h */,
				23DF157F19E35E2D00E5942A /* DetailViewController.m */,
				23DF159D19E3B89500E5942A /* SettingsViewController.h */,
				23DF159E19E3B89500E5942A /* SettingsViewController.m */,
				2321F9AE19EC06D70098F9B7 /* Singleton.h */,
				2321F9AF19EC06D70098F9B7 /* Singleton.m */,
				23DF158119E35E2D00E5942A /* Main.storyboard */,
				23DF158419E35E2E00E5942A /* Images.xcassets */,
				23DF158619E35E2E00E5942A /* LaunchScreen.xib */,
				23DF157419E35E2D00E5942A /* Supporting Files */,
			);
			path = "iTunes_top_charts_2_(Universal)";
			sourceTree = "<group>";
		};
		23DF157419E35E2D00E5942A /* Supporting Files */ = {
			isa = PBXGroup;
			children = (
				23DF157519E35E2D00E5942A /* Info.plist */,
				23DF157619E35E2D00E5942A /* main.m */,
			);
			name = "Supporting Files";
			sourceTree = "<group>";
		};
		23DF159019E35E2E00E5942A /* iTunes_top_charts_2_(Universal)Tests */ = {
			isa = PBXGroup;
			children = (
				23DF159319E35E2E00E5942A /* iTunes_top_charts_2__Universal_Tests.m */,
				23DF159119E35E2E00E5942A /* Supporting Files */,
			);
			path = "iTunes_top_charts_2_(Universal)Tests";
			sourceTree = "<group>";
		};
		23DF159119E35E2E00E5942A /* Supporting Files */ = {
			isa = PBXGroup;
			children = (
				23DF159219E35E2E00E5942A /* Info.plist */,
			);
			name = "Supporting Files";
			sourceTree = "<group>";
		};
/* End PBXGroup section */

/* Begin PBXNativeTarget section */
		23DF157019E35E2D00E5942A /* iTunes_top_charts_2_(Universal) */ = {
			isa = PBXNativeTarget;
			buildConfigurationList = 23DF159719E35E2E00E5942A /* Build configuration list for PBXNativeTarget "iTunes_top_charts_2_(Universal)" */;
			buildPhases = (
				23DF156D19E35E2D00E5942A /* Sources */,
				23DF156E19E35E2D00E5942A /* Frameworks */,
				23DF156F19E35E2D00E5942A /* Resources */,
			);
			buildRules = (
			);
			dependencies = (
			);
			name = "iTunes_top_charts_2_(Universal)";
			productName = "iTunes_top_charts_2_(Universal)";
			productReference = 23DF157119E35E2D00E5942A /* iTunes_top_charts_2_(Universal).app */;
			productType = "com.apple.product-type.application";
		};
		23DF158C19E35E2E00E5942A /* iTunes_top_charts_2_(Universal)Tests */ = {
			isa = PBXNativeTarget;
			buildConfigurationList = 23DF159A19E35E2E00E5942A /* Build configuration list for PBXNativeTarget "iTunes_top_charts_2_(Universal)Tests" */;
			buildPhases = (
				23DF158919E35E2E00E5942A /* Sources */,
				23DF158A19E35E2E00E5942A /* Frameworks */,
				23DF158B19E35E2E00E5942A /* Resources */,
			);
			buildRules = (
			);
			dependencies = (
				23DF158F19E35E2E00E5942A /* PBXTargetDependency */,
			);
			name = "iTunes_top_charts_2_(Universal)Tests";
			productName = "iTunes_top_charts_2_(Universal)Tests";
			productReference = 23DF158D19E35E2E00E5942A /* iTunes_top_charts_2_(Universal)Tests.xctest */;
			productType = "com.apple.product-type.bundle.unit-test";
		};
/* End PBXNativeTarget section */

/* Begin PBXProject section */
		23DF156919E35E2D00E5942A /* Project object */ = {
			isa = PBXProject;
			attributes = {
				LastUpgradeCheck = 0600;
				ORGANIZATIONNAME = "Edip Asanov";
				TargetAttributes = {
					23DF157019E35E2D00E5942A = {
						CreatedOnToolsVersion = 6.0.1;
					};
					23DF158C19E35E2E00E5942A = {
						CreatedOnToolsVersion = 6.0.1;
						TestTargetID = 23DF157019E35E2D00E5942A;
					};
				};
			};
			buildConfigurationList = 23DF156C19E35E2D00E5942A /* Build configuration list for PBXProject "iTunes_top_charts_2_(Universal)" */;
			compatibilityVersion = "Xcode 3.2";
			developmentRegion = English;
			hasScannedForEncodings = 0;
			knownRegions = (
				en,
				Base,
			);
			mainGroup = 23DF156819E35E2D00E5942A;
			productRefGroup = 23DF157219E35E2D00E5942A /* Products */;
			projectDirPath = "";
			projectRoot = "";
			targets = (
				23DF157019E35E2D00E5942A /* iTunes_top_charts_2_(Universal) */,
				23DF158C19E35E2E00E5942A /* iTunes_top_charts_2_(Universal)Tests */,
			);
		};
/* End PBXProject section */

/* Begin PBXResourcesBuildPhase section */
		23DF156F19E35E2D00E5942A /* Resources */ = {
			isa = PBXResourcesBuildPhase;
			buildActionMask = 2147483647;
			files = (
				23DF158319E35E2E00E5942A /* Main.storyboard in Resources */,
				23DF158819E35E2E00E5942A /* LaunchScreen.xib in Resources */,
				23DF158519E35E2E00E5942A /* Images.xcassets in Resources */,
			);
			runOnlyForDeploymentPostprocessing = 0;
		};
		23DF158B19E35E2E00E5942A /* Resources */ = {
			isa = PBXResourcesBuildPhase;
			buildActionMask = 2147483647;
			files = (
			);
			runOnlyForDeploymentPostprocessing = 0;
		};
/* End PBXResourcesBuildPhase section */

/* Begin PBXSourcesBuildPhase section */
		23DF156D19E35E2D00E5942A /* Sources */ = {
			isa = PBXSourcesBuildPhase;
			buildActionMask = 2147483647;
			files = (
				23DF157A19E35E2D00E5942A /* AppDelegate.m in Sources */,
				23DF157D19E35E2D00E5942A /* MasterViewController.m in Sources */,
				23DF159F19E3B89500E5942A /* SettingsViewController.m in Sources */,
				2321F9B019EC06D70098F9B7 /* Singleton.m in Sources */,
				23DF157719E35E2D00E5942A /* main.m in Sources */,
				23DF158019E35E2D00E5942A /* DetailViewController.m in Sources */,
			);
			runOnlyForDeploymentPostprocessing = 0;
		};
		23DF158919E35E2E00E5942A /* Sources */ = {
			isa = PBXSourcesBuildPhase;
			buildActionMask = 2147483647;
			files = (
				23DF159419E35E2E00E5942A /* iTunes_top_charts_2__Universal_Tests.m in Sources */,
			);
			runOnlyForDeploymentPostprocessing = 0;
		};
/* End PBXSourcesBuildPhase section */

/* Begin PBXTargetDependency section */
		23DF158F19E35E2E00E5942A /* PBXTargetDependency */ = {
			isa = PBXTargetDependency;
			target = 23DF157019E35E2D00E5942A /* iTunes_top_charts_2_(Universal) */;
			targetProxy = 23DF158E19E35E2E00E5942A /* PBXContainerItemProxy */;
		};
/* End PBXTargetDependency section */

/* Begin PBXVariantGroup section */
		23DF158119E35E2D00E5942A /* Main.storyboard */ = {
			isa = PBXVariantGroup;
			children = (
				23DF158219E35E2D00E5942A /* Base */,
			);
			name = Main.storyboard;
			sourceTree = "<group>";
		};
		23DF158619E35E2E00E5942A /* LaunchScreen.xib */ = {
			isa = PBXVariantGroup;
			children = (
				23DF158719E35E2E00E5942A /* Base */,
			);
			name = LaunchScreen.xib;
			sourceTree = "<group>";
		};
/* End PBXVariantGroup section */

/* Begin XCBuildConfiguration section */
		23DF159519E35E2E00E5942A /* Debug */ = {
			isa = XCBuildConfiguration;
			buildSettings = {
				ALWAYS_SEARCH_USER_PATHS = NO;
				CLANG_CXX_LANGUAGE_STANDARD = "gnu++0x";
				CLANG_CXX_LIBRARY = "libc++";
				CLANG_ENABLE_MODULES = YES;
				CLANG_ENABLE_OBJC_ARC = YES;
				CLANG_WARN_BOOL_CONVERSION = YES;
				CLANG_WARN_CONSTANT_CONVERSION = YES;
				CLANG_WARN_DIRECT_OBJC_ISA_USAGE = YES_ERROR;
				CLANG_WARN_EMPTY_BODY = YES;
				CLANG_WARN_ENUM_CONVERSION = YES;
				CLANG_WARN_INT_CONVERSION = YES;
				CLANG_WARN_OBJC_ROOT_CLASS = YES_ERROR;
				CLANG_WARN_UNREACHABLE_CODE = YES;
				CLANG_WARN__DUPLICATE_METHOD_MATCH = YES;
				"CODE_SIGN_IDENTITY[sdk=iphoneos*]" = "iPhone Developer";
				COPY_PHASE_STRIP = NO;
				ENABLE_STRICT_OBJC_MSGSEND = YES;
				GCC_C_LANGUAGE_STANDARD = gnu99;
				GCC_DYNAMIC_NO_PIC = NO;
				GCC_OPTIMIZATION_LEVEL = 0;
				GCC_PREPROCESSOR_DEFINITIONS = (
					"DEBUG=1",
					"$(inherited)",
				);
				GCC_SYMBOLS_PRIVATE_EXTERN = NO;
				GCC_WARN_64_TO_32_BIT_CONVERSION = YES;
				GCC_WARN_ABOUT_RETURN_TYPE = YES_ERROR;
				GCC_WARN_UNDECLARED_SELECTOR = YES;
				GCC_WARN_UNINITIALIZED_AUTOS = YES_AGGRESSIVE;
				GCC_WARN_UNUSED_FUNCTION = YES;
				GCC_WARN_UNUSED_VARIABLE = YES;
				IPHONEOS_DEPLOYMENT_TARGET = 8.0;
				MTL_ENABLE_DEBUG_INFO = YES;
				ONLY_ACTIVE_ARCH = YES;
				SDKROOT = iphoneos;
				TARGETED_DEVICE_FAMILY = "1,2";
			};
			name = Debug;
		};
		23DF159619E35E2E00E5942A /* Release */ = {
			isa = XCBuildConfiguration;
			buildSettings = {
				ALWAYS_SEARCH_USER_PATHS = NO;
				CLANG_CXX_LANGUAGE_STANDARD = "gnu++0x";
				CLANG_CXX_LIBRARY = "libc++";
				CLANG_ENABLE_MODULES = YES;
				CLANG_ENABLE_OBJC_ARC = YES;
				CLANG_WARN_BOOL_CONVERSION = YES;
				CLANG_WARN_CONSTANT_CONVERSION = YES;
				CLANG_WARN_DIRECT_OBJC_ISA_USAGE = YES_ERROR;
				CLANG_WARN_EMPTY_BODY = YES;
				CLANG_WARN_ENUM_CONVERSION = YES;
				CLANG_WARN_INT_CONVERSION = YES;
				CLANG_WARN_OBJC_ROOT_CLASS = YES_ERROR;
				CLANG_WARN_UNREACHABLE_CODE = YES;
				CLANG_WARN__DUPLICATE_METHOD_MATCH = YES;
				"CODE_SIGN_IDENTITY[sdk=iphoneos*]" = "iPhone Developer";
				COPY_PHASE_STRIP = YES;
				ENABLE_NS_ASSERTIONS = NO;
				ENABLE_STRICT_OBJC_MSGSEND = YES;
				GCC_C_LANGUAGE_STANDARD = gnu99;
				GCC_WARN_64_TO_32_BIT_CONVERSION = YES;
				GCC_WARN_ABOUT_RETURN_TYPE = YES_ERROR;
				GCC_WARN_UNDECLARED_SELECTOR = YES;
				GCC_WARN_UNINITIALIZED_AUTOS = YES_AGGRESSIVE;
				GCC_WARN_UNUSED_FUNCTION = YES;
				GCC_WARN_UNUSED_VARIABLE = YES;
				IPHONEOS_DEPLOYMENT_TARGET = 8.0;
				MTL_ENABLE_DEBUG_INFO = NO;
				SDKROOT = iphoneos;
				TARGETED_DEVICE_FAMILY = "1,2";
				VALIDATE_PRODUCT = YES;
			};
			name = Release;
		};
		23DF159819E35E2E00E5942A /* Debug */ = {
			isa = XCBuildConfiguration;
			buildSettings = {
				ASSETCATALOG_COMPILER_APPICON_NAME = AppIcon;
				INFOPLIST_FILE = "iTunes_top_charts_2_(Universal)/Info.plist";
				IPHONEOS_DEPLOYMENT_TARGET = 8.0;
				LD_RUNPATH_SEARCH_PATHS = "$(inherited) @executable_path/Frameworks";
				PRODUCT_NAME = "$(TARGET_NAME)";
			};
			name = Debug;
		};
		23DF159919E35E2E00E5942A /* Release */ = {
			isa = XCBuildConfiguration;
			buildSettings = {
				ASSETCATALOG_COMPILER_APPICON_NAME = AppIcon;
				INFOPLIST_FILE = "iTunes_top_charts_2_(Universal)/Info.plist";
				IPHONEOS_DEPLOYMENT_TARGET = 8.0;
				LD_RUNPATH_SEARCH_PATHS = "$(inherited) @executable_path/Frameworks";
				PRODUCT_NAME = "$(TARGET_NAME)";
			};
			name = Release;
		};
		23DF159B19E35E2E00E5942A /* Debug */ = {
			isa = XCBuildConfiguration;
			buildSettings = {
				BUNDLE_LOADER = "$(TEST_HOST)";
				FRAMEWORK_SEARCH_PATHS = (
					"$(SDKROOT)/Developer/Library/Frameworks",
					"$(inherited)",
				);
				GCC_PREPROCESSOR_DEFINITIONS = (
					"DEBUG=1",
					"$(inherited)",
				);
				INFOPLIST_FILE = "iTunes_top_charts_2_(Universal)Tests/Info.plist";
				LD_RUNPATH_SEARCH_PATHS = "$(inherited) @executable_path/Frameworks @loader_path/Frameworks";
				PRODUCT_NAME = "$(TARGET_NAME)";
				TEST_HOST = "$(BUILT_PRODUCTS_DIR)/iTunes_top_charts_2_(Universal).app/iTunes_top_charts_2_(Universal)";
			};
			name = Debug;
		};
		23DF159C19E35E2E00E5942A /* Release */ = {
			isa = XCBuildConfiguration;
			buildSettings = {
				BUNDLE_LOADER = "$(TEST_HOST)";
				FRAMEWORK_SEARCH_PATHS = (
					"$(SDKROOT)/Developer/Library/Frameworks",
					"$(inherited)",
				);
				INFOPLIST_FILE = "iTunes_top_charts_2_(Universal)Tests/Info.plist";
				LD_RUNPATH_SEARCH_PATHS = "$(inherited) @executable_path/Frameworks @loader_path/Frameworks";
				PRODUCT_NAME = "$(TARGET_NAME)";
				TEST_HOST = "$(BUILT_PRODUCTS_DIR)/iTunes_top_charts_2_(Universal).app/iTunes_top_charts_2_(Universal)";
			};
			name = Release;
		};
/* End XCBuildConfiguration section */

/* Begin XCConfigurationList section */
		23DF156C19E35E2D00E5942A /* Build configuration list for PBXProject "iTunes_top_charts_2_(Universal)" */ = {
			isa = XCConfigurationList;
			buildConfigurations = (
				23DF159519E35E2E00E5942A /* Debug */,
				23DF159619E35E2E00E5942A /* Release */,
			);
			defaultConfigurationIsVisible = 0;
			defaultConfigurationName = Release;
		};
		23DF159719E35E2E00E5942A /* Build configuration list for PBXNativeTarget "iTunes_top_charts_2_(Universal)" */ = {
			isa = XCConfigurationList;
			buildConfigurations = (
				23DF159819E35E2E00E5942A /* Debug */,
				23DF159919E35E2E00E5942A /* Release */,
			);
			defaultConfigurationIsVisible = 0;
			defaultConfigurationName = Release;
		};
		23DF159A19E35E2E00E5942A /* Build configuration list for PBXNativeTarget "iTunes_top_charts_2_(Universal)Tests" */ = {
			isa = XCConfigurationList;
			buildConfigurations = (
				23DF159B19E35E2E00E5942A /* Debug */,
				23DF159C19E35E2E00E5942A /* Release */,
			);
			defaultConfigurationIsVisible = 0;
			defaultConfigurationName = Release;
		};
/* End XCConfigurationList section */
	};
	rootObject = 23DF156919E35E2D00E5942A /* Project object */;
}
